
Microsoft Visual Studio Solution File, Format Version 12.00
# Visual Studio Version 16
VisualStudioVersion = 16.0.31229.75
MinimumVisualStudioVersion = 10.0.40219.1
Project("{FAE04EC0-301F-11D3-BF4B-00C04F79EFBC}") = "Player.Service", "Player.Service\Player.Service.csproj", "{67BFCDD8-BE13-4769-A54E-D2E1803213F4}"
EndProject
Project("{FAE04EC0-301F-11D3-BF4B-00C04F79EFBC}") = "Badminton.Service", "Badminton.Service\Badminton.Service.csproj", "{A30171BB-8834-4C03-AAFB-95C398A9F6A2}"
EndProject
Global
	GlobalSection(SolutionConfigurationPlatforms) = preSolution
		Debug|Any CPU = Debug|Any CPU
		Release|Any CPU = Release|Any CPU
	EndGlobalSection
	GlobalSection(ProjectConfigurationPlatforms) = postSolution
		{67BFCDD8-BE13-4769-A54E-D2E1803213F4}.Debug|Any CPU.ActiveCfg = Debug|Any CPU
		{67BFCDD8-BE13-4769-A54E-D2E1803213F4}.Debug|Any CPU.Build.0 = Debug|Any CPU
		{67BFCDD8-BE13-4769-A54E-D2E1803213F4}.Release|Any CPU.ActiveCfg = Release|Any CPU
		{67BFCDD8-BE13-4769-A54E-D2E1803213F4}.Release|Any CPU.Build.0 = Release|Any CPU
		{A30171BB-8834-4C03-AAFB-95C398A9F6A2}.Debug|Any CPU.ActiveCfg = Debug|Any CPU
		{A30171BB-8834-4C03-AAFB-95C398A9F6A2}.Debug|Any CPU.Build.0 = Debug|Any CPU
		{A30171BB-8834-4C03-AAFB-95C398A9F6A2}.Release|Any CPU.ActiveCfg = Release|Any CPU
		{A30171BB-8834-4C03-AAFB-95C398A9F6A2}.Release|Any CPU.Build.0 = Release|Any CPU
	EndGlobalSection
	GlobalSection(SolutionProperties) = preSolution
		HideSolutionNode = FALSE
	EndGlobalSection
	GlobalSection(ExtensibilityGlobals) = postSolution
		SolutionGuid = {9F32A534-0646-47CB-A52F-D75C27966586}
	EndGlobalSection
EndGlobal
